
Microsoft Visual Studio Solution File, Format Version 12.00
# Visual Studio Version 17
VisualStudioVersion = 17.5.002.0
MinimumVisualStudioVersion = 10.0.40219.1
Project("{9A19103F-16F7-4668-BE54-9A1E7A4F7556}") = "discrete-math-final-project", "discrete-math-final-project.csproj", "{194B95B5-2226-400C-9ACE-B1243051C108}"
EndProject
Global
	GlobalSection(SolutionConfigurationPlatforms) = preSolution
		Debug|Any CPU = Debug|Any CPU
		Release|Any CPU = Release|Any CPU
	EndGlobalSection
	GlobalSection(ProjectConfigurationPlatforms) = postSolution
		{194B95B5-2226-400C-9ACE-B1243051C108}.Debug|Any CPU.ActiveCfg = Debug|Any CPU
		{194B95B5-2226-400C-9ACE-B1243051C108}.Debug|Any CPU.Build.0 = Debug|Any CPU
		{194B95B5-2226-400C-9ACE-B1243051C108}.Release|Any CPU.ActiveCfg = Release|Any CPU
		{194B95B5-2226-400C-9ACE-B1243051C108}.Release|Any CPU.Build.0 = Release|Any CPU
	EndGlobalSection
	GlobalSection(SolutionProperties) = preSolution
		HideSolutionNode = FALSE
	EndGlobalSection
	GlobalSection(ExtensibilityGlobals) = postSolution
		SolutionGuid = {3843AF17-F2EF-4BDA-9E1A-EA84A55B7516}
	EndGlobalSection
EndGlobal
